Microsoft Visual Studio Solution File, Format Version 12.00
# Visual Studio 14
VisualStudioVersion = 14.0.25420.1
MinimumVisualStudioVersion = 10.0.40219.1
Project("{FAE04EC0-301F-11D3-BF4B-00C04F79EFBC}") = "FPSDK", "FPSDK\FPSDK.csproj", "{FC24098B-3DE0-4FD9-81B8-E8AC124ECA6B}"
EndProject
Project("{FF286327-C783-4F7A-AB73-9BCBAD0D4460}") = "FPSDK.NuGet", "FPSDK.NuGet\FPSDK.NuGet.nuproj", "{2DE66D7E-75A4-4130-9616-378675D066EE}"
EndProject
Global
	GlobalSection(SolutionConfigurationPlatforms) = preSolution
		Debug|Any CPU = Debug|Any CPU
		Release|Any CPU = Release|Any CPU
	EndGlobalSection
	GlobalSection(ProjectConfigurationPlatforms) = postSolution
		{FC24098B-3DE0-4FD9-81B8-E8AC124ECA6B}.Debug|Any CPU.ActiveCfg = Debug|Any CPU
		{FC24098B-3DE0-4FD9-81B8-E8AC124ECA6B}.Debug|Any CPU.Build.0 = Debug|Any CPU
		{FC24098B-3DE0-4FD9-81B8-E8AC124ECA6B}.Release|Any CPU.ActiveCfg = Release|Any CPU
		{FC24098B-3DE0-4FD9-81B8-E8AC124ECA6B}.Release|Any CPU.Build.0 = Release|Any CPU
		{2DE66D7E-75A4-4130-9616-378675D066EE}.Debug|Any CPU.ActiveCfg = Debug|Any CPU
		{2DE66D7E-75A4-4130-9616-378675D066EE}.Debug|Any CPU.Build.0 = Debug|Any CPU
		{2DE66D7E-75A4-4130-9616-378675D066EE}.Release|Any CPU.ActiveCfg = Release|Any CPU
		{2DE66D7E-75A4-4130-9616-378675D066EE}.Release|Any CPU.Build.0 = Release|Any CPU
	EndGlobalSection
	GlobalSection(SolutionProperties) = preSolution
		HideSolutionNode = FALSE
	EndGlobalSection
EndGlobal
